
Microsoft Visual Studio Solution File, Format Version 12.00
# Visual Studio 2013
VisualStudioVersion = 12.0.31101.0
MinimumVisualStudioVersion = 10.0.40219.1
Project("{8BC9CEB8-8B4A-11D0-8D11-00A0C91BC942}") = "Parser_signal_finder_v2", "Parser_signal_finder_v2.vcxproj", "{DE4A8CC2-C67C-4548-B521-49F366D56E66}"
EndProject
Project("{8BC9CEB8-8B4A-11D0-8D11-00A0C91BC942}") = "RawToTree", "..\RawToTree\RawToTree.vcxproj", "{C38D18EA-8AAA-49B7-89B1-63A078CDA346}"
EndProject
Global
	GlobalSection(SolutionConfigurationPlatforms) = preSolution
		Debug|Win32 = Debug|Win32
		Release|Win32 = Release|Win32
	EndGlobalSection
	GlobalSection(ProjectConfigurationPlatforms) = postSolution
		{DE4A8CC2-C67C-4548-B521-49F366D56E66}.Debug|Win32.ActiveCfg = Debug|Win32
		{DE4A8CC2-C67C-4548-B521-49F366D56E66}.Debug|Win32.Build.0 = Debug|Win32
		{DE4A8CC2-C67C-4548-B521-49F366D56E66}.Release|Win32.ActiveCfg = Release|Win32
		{DE4A8CC2-C67C-4548-B521-49F366D56E66}.Release|Win32.Build.0 = Release|Win32
		{C38D18EA-8AAA-49B7-89B1-63A078CDA346}.Debug|Win32.ActiveCfg = Debug|Win32
		{C38D18EA-8AAA-49B7-89B1-63A078CDA346}.Debug|Win32.Build.0 = Debug|Win32
		{C38D18EA-8AAA-49B7-89B1-63A078CDA346}.Release|Win32.ActiveCfg = Release|Win32
		{C38D18EA-8AAA-49B7-89B1-63A078CDA346}.Release|Win32.Build.0 = Release|Win32
	EndGlobalSection
	GlobalSection(SolutionProperties) = preSolution
		HideSolutionNode = FALSE
	EndGlobalSection
EndGlobal
