<?xml version="1.0" encoding="utf-8"?>
<Project ToolsVersion="4.0" xmlns="http://schemas.microsoft.com/developer/msbuild/2003">
  <ItemGroup>
    <Filter Include="Source Files">
      <UniqueIdentifier>{4FC737F1-C7A5-4376-A066-2A32D752A2FF}</UniqueIdentifier>
      <Extensions>cpp;c;cc;cxx;def;odl;idl;hpj;bat;asm;asmx</Extensions>
    </Filter>
    <Filter Include="Header Files">
      <UniqueIdentifier>{93995380-89BD-4b04-88EB-625FBE52EBFB}</UniqueIdentifier>
      <Extensions>h;hh;hpp;hxx;hm;inl;inc;xsd</Extensions>
    </Filter>
    <Filter Include="Resource Files">
      <UniqueIdentifier>{67DA6AB6-F800-4c08-8B7A-83BB121AAD01}</UniqueIdentifier>
      <Extensions>rc;ico;cur;bmp;dlg;rc2;rct;bin;rgs;gif;jpg;jpeg;jpe;resx;tiff;tif;png;wav;mfcribbon-ms</Extensions>
    </Filter>
    <Filter Include="Header Files\ReadData">
      <UniqueIdentifier>{19256ce6-5b42-465a-b835-0dd6f6bf7d7b}</UniqueIdentifier>
    </Filter>
    <Filter Include="Source Files\ReadData">
      <UniqueIdentifier>{d4a3547e-bf39-41e6-8463-d985478cbc9a}</UniqueIdentifier>
    </Filter>
    <Filter Include="Source Files\CalcData">
      <UniqueIdentifier>{20ea68bb-1d83-473f-a631-99c03a223277}</UniqueIdentifier>
    </Filter>
    <Filter Include="Header Files\CalcData">
      <UniqueIdentifier>{57d824c0-04cd-426a-8ae4-a01179216380}</UniqueIdentifier>
    </Filter>
    <Filter Include="Source Files\CalcData\CalcBaseline">
      <UniqueIdentifier>{3cb6b95c-9b51-4380-90af-2d8d3e1cbc2e}</UniqueIdentifier>
    </Filter>
    <Filter Include="Header Files\CalcData\CalcBaseline">
      <UniqueIdentifier>{f7c55184-c38e-43e8-a8f6-b536b1a03990}</UniqueIdentifier>
    </Filter>
  </ItemGroup>
  <ItemGroup>
    <ClCompile Include="Main.cpp">
      <Filter>Source Files</Filter>
    </ClCompile>
    <ClCompile Include="..\src\CalcBaseline.cpp">
      <Filter>Source Files\CalcData\CalcBaseline</Filter>
    </ClCompile>
    <ClCompile Include="..\src\CalcBaselineTrivial.cpp">
      <Filter>Source Files\CalcData\CalcBaseline</Filter>
    </ClCompile>
    <ClCompile Include="..\src\CalcBaselineZeroComp.cpp">
      <Filter>Source Files\CalcData\CalcBaseline</Filter>
    </ClCompile>
    <ClCompile Include="..\src\CalcData.cpp">
      <Filter>Source Files\CalcData</Filter>
    </ClCompile>
    <ClCompile Include="..\src\CalcDer.cpp">
      <Filter>Source Files\CalcData</Filter>
    </ClCompile>
    <ClCompile Include="..\src\ReadData.cpp">
      <Filter>Source Files\ReadData</Filter>
    </ClCompile>
    <ClCompile Include="..\src\ReadData_CAEN.cpp">
      <Filter>Source Files\ReadData</Filter>
    </ClCompile>
    <ClCompile Include="..\src\RunDescription.cpp">
      <Filter>Source Files</Filter>
    </ClCompile>
    <ClCompile Include="..\src\TypeConvertion.cpp">
      <Filter>Source Files</Filter>
    </ClCompile>
    <ClCompile Include="..\src\TreeInfo.cpp">
      <Filter>Source Files</Filter>
    </ClCompile>
    <ClCompile Include="..\src\TreeRaw.cpp">
      <Filter>Source Files</Filter>
    </ClCompile>
    <ClCompile Include="..\src\IntermediateTreeInfo.cpp">
      <Filter>Source Files</Filter>
    </ClCompile>
  </ItemGroup>
  <ItemGroup>
    <ClInclude Include="ReadData_CAEN.h">
      <Filter>Header Files\ReadData</Filter>
    </ClInclude>
    <ClInclude Include="ReadData.h">
      <Filter>Header Files\ReadData</Filter>
    </ClInclude>
    <ClInclude Include="RunDescription.h">
      <Filter>Header Files</Filter>
    </ClInclude>
    <ClInclude Include="ReadData_Cean_OneFile.h">
      <Filter>Header Files\ReadData</Filter>
    </ClInclude>
    <ClInclude Include="TypeConvertion.h">
      <Filter>Header Files</Filter>
    </ClInclude>
    <ClInclude Include="CalcDer.h">
      <Filter>Header Files\CalcData</Filter>
    </ClInclude>
    <ClInclude Include="CalcData.h">
      <Filter>Header Files\CalcData</Filter>
    </ClInclude>
    <ClInclude Include="CalcBaseline.h">
      <Filter>Header Files\CalcData\CalcBaseline</Filter>
    </ClInclude>
    <ClInclude Include="CalcBaselineZeroComp.h">
      <Filter>Header Files\CalcData\CalcBaseline</Filter>
    </ClInclude>
    <ClInclude Include="CalcBaselineTrivial.h">
      <Filter>Header Files\CalcData\CalcBaseline</Filter>
    </ClInclude>
    <ClInclude Include="..\include\TreeInfo.h">
      <Filter>Header Files</Filter>
    </ClInclude>
    <ClInclude Include="..\include\TreeRaw.h">
      <Filter>Header Files</Filter>
    </ClInclude>
    <ClInclude Include="..\include\IntermediateTreeInfo.h">
      <Filter>Header Files</Filter>
    </ClInclude>
  </ItemGroup>
</Project>